
Microsoft Visual Studio Solution File, Format Version 12.00
# Visual Studio 14
VisualStudioVersion = 14.0.25123.0
MinimumVisualStudioVersion = 10.0.40219.1
Project("{8BC9CEB8-8B4A-11D0-8D11-00A0C91BC942}") = "Task01", "Task01\Task01.vcxproj", "{7AEDFAF7-D4ED-49DB-BCF6-727EA15F7C30}"
EndProject
Project("{8BC9CEB8-8B4A-11D0-8D11-00A0C91BC942}") = "Test", "Test\Test.vcxproj", "{EE99C7D8-4B89-42CB-83B1-97CC8E36E102}"
EndProject
Project("{8BC9CEB8-8B4A-11D0-8D11-00A0C91BC942}") = "Task02", "Task02\Task02.vcxproj", "{44C99CAA-6CF6-4158-B0A6-EE5FC05FA5A3}"
EndProject
Project("{8BC9CEB8-8B4A-11D0-8D11-00A0C91BC942}") = "Task03", "Task03\Task03.vcxproj", "{6C68EDF4-9A13-413E-B13C-A7EC4E899DDA}"
EndProject
Project("{8BC9CEB8-8B4A-11D0-8D11-00A0C91BC942}") = "Task04", "Task04\Task04.vcxproj", "{4C3C5F7E-08BC-476C-9D49-142146064B18}"
EndProject
Project("{8BC9CEB8-8B4A-11D0-8D11-00A0C91BC942}") = "Task05", "Task05\Task05.vcxproj", "{1FCE3376-6EB0-42AA-97B8-6AEA7D99DD96}"
EndProject
Project("{8BC9CEB8-8B4A-11D0-8D11-00A0C91BC942}") = "Task06", "Task06\Task06.vcxproj", "{ACD55EA6-0DF5-4104-B043-87CC7DFF99A4}"
EndProject
Project("{8BC9CEB8-8B4A-11D0-8D11-00A0C91BC942}") = "Task07", "Task07\Task07.vcxproj", "{7ED3C812-351F-4DCD-A8D3-E633B9D5F1CC}"
EndProject
Project("{8BC9CEB8-8B4A-11D0-8D11-00A0C91BC942}") = "Task08", "Task08\Task08.vcxproj", "{A2836268-984B-4BDF-B7FE-EFD0F76C2E5D}"
EndProject
Global
	GlobalSection(SolutionConfigurationPlatforms) = preSolution
		Debug|x64 = Debug|x64
		Debug|x86 = Debug|x86
		Release|x64 = Release|x64
		Release|x86 = Release|x86
	EndGlobalSection
	GlobalSection(ProjectConfigurationPlatforms) = postSolution
		{7AEDFAF7-D4ED-49DB-BCF6-727EA15F7C30}.Debug|x64.ActiveCfg = Debug|x64
		{7AEDFAF7-D4ED-49DB-BCF6-727EA15F7C30}.Debug|x64.Build.0 = Debug|x64
		{7AEDFAF7-D4ED-49DB-BCF6-727EA15F7C30}.Debug|x86.ActiveCfg = Debug|Win32
		{7AEDFAF7-D4ED-49DB-BCF6-727EA15F7C30}.Debug|x86.Build.0 = Debug|Win32
		{7AEDFAF7-D4ED-49DB-BCF6-727EA15F7C30}.Release|x64.ActiveCfg = Release|x64
		{7AEDFAF7-D4ED-49DB-BCF6-727EA15F7C30}.Release|x64.Build.0 = Release|x64
		{7AEDFAF7-D4ED-49DB-BCF6-727EA15F7C30}.Release|x86.ActiveCfg = Release|Win32
		{7AEDFAF7-D4ED-49DB-BCF6-727EA15F7C30}.Release|x86.Build.0 = Release|Win32
		{EE99C7D8-4B89-42CB-83B1-97CC8E36E102}.Debug|x64.ActiveCfg = Debug|x64
		{EE99C7D8-4B89-42CB-83B1-97CC8E36E102}.Debug|x64.Build.0 = Debug|x64
		{EE99C7D8-4B89-42CB-83B1-97CC8E36E102}.Debug|x86.ActiveCfg = Debug|Win32
		{EE99C7D8-4B89-42CB-83B1-97CC8E36E102}.Debug|x86.Build.0 = Debug|Win32
		{EE99C7D8-4B89-42CB-83B1-97CC8E36E102}.Release|x64.ActiveCfg = Release|x64
		{EE99C7D8-4B89-42CB-83B1-97CC8E36E102}.Release|x64.Build.0 = Release|x64
		{EE99C7D8-4B89-42CB-83B1-97CC8E36E102}.Release|x86.ActiveCfg = Release|Win32
		{EE99C7D8-4B89-42CB-83B1-97CC8E36E102}.Release|x86.Build.0 = Release|Win32
		{44C99CAA-6CF6-4158-B0A6-EE5FC05FA5A3}.Debug|x64.ActiveCfg = Debug|x64
		{44C99CAA-6CF6-4158-B0A6-EE5FC05FA5A3}.Debug|x64.Build.0 = Debug|x64
		{44C99CAA-6CF6-4158-B0A6-EE5FC05FA5A3}.Debug|x86.ActiveCfg = Debug|Win32
		{44C99CAA-6CF6-4158-B0A6-EE5FC05FA5A3}.Debug|x86.Build.0 = Debug|Win32
		{44C99CAA-6CF6-4158-B0A6-EE5FC05FA5A3}.Release|x64.ActiveCfg = Release|x64
		{44C99CAA-6CF6-4158-B0A6-EE5FC05FA5A3}.Release|x64.Build.0 = Release|x64
		{44C99CAA-6CF6-4158-B0A6-EE5FC05FA5A3}.Release|x86.ActiveCfg = Release|Win32
		{44C99CAA-6CF6-4158-B0A6-EE5FC05FA5A3}.Release|x86.Build.0 = Release|Win32
		{6C68EDF4-9A13-413E-B13C-A7EC4E899DDA}.Debug|x64.ActiveCfg = Debug|x64
		{6C68EDF4-9A13-413E-B13C-A7EC4E899DDA}.Debug|x64.Build.0 = Debug|x64
		{6C68EDF4-9A13-413E-B13C-A7EC4E899DDA}.Debug|x86.ActiveCfg = Debug|Win32
		{6C68EDF4-9A13-413E-B13C-A7EC4E899DDA}.Debug|x86.Build.0 = Debug|Win32
		{6C68EDF4-9A13-413E-B13C-A7EC4E899DDA}.Release|x64.ActiveCfg = Release|x64
		{6C68EDF4-9A13-413E-B13C-A7EC4E899DDA}.Release|x64.Build.0 = Release|x64
		{6C68EDF4-9A13-413E-B13C-A7EC4E899DDA}.Release|x86.ActiveCfg = Release|Win32
		{6C68EDF4-9A13-413E-B13C-A7EC4E899DDA}.Release|x86.Build.0 = Release|Win32
		{4C3C5F7E-08BC-476C-9D49-142146064B18}.Debug|x64.ActiveCfg = Debug|x64
		{4C3C5F7E-08BC-476C-9D49-142146064B18}.Debug|x64.Build.0 = Debug|x64
		{4C3C5F7E-08BC-476C-9D49-142146064B18}.Debug|x86.ActiveCfg = Debug|Win32
		{4C3C5F7E-08BC-476C-9D49-142146064B18}.Debug|x86.Build.0 = Debug|Win32
		{4C3C5F7E-08BC-476C-9D49-142146064B18}.Release|x64.ActiveCfg = Release|x64
		{4C3C5F7E-08BC-476C-9D49-142146064B18}.Release|x64.Build.0 = Release|x64
		{4C3C5F7E-08BC-476C-9D49-142146064B18}.Release|x86.ActiveCfg = Release|Win32
		{4C3C5F7E-08BC-476C-9D49-142146064B18}.Release|x86.Build.0 = Release|Win32
		{1FCE3376-6EB0-42AA-97B8-6AEA7D99DD96}.Debug|x64.ActiveCfg = Debug|x64
		{1FCE3376-6EB0-42AA-97B8-6AEA7D99DD96}.Debug|x64.Build.0 = Debug|x64
		{1FCE3376-6EB0-42AA-97B8-6AEA7D99DD96}.Debug|x86.ActiveCfg = Debug|Win32
		{1FCE3376-6EB0-42AA-97B8-6AEA7D99DD96}.Debug|x86.Build.0 = Debug|Win32
		{1FCE3376-6EB0-42AA-97B8-6AEA7D99DD96}.Release|x64.ActiveCfg = Release|x64
		{1FCE3376-6EB0-42AA-97B8-6AEA7D99DD96}.Release|x64.Build.0 = Release|x64
		{1FCE3376-6EB0-42AA-97B8-6AEA7D99DD96}.Release|x86.ActiveCfg = Release|Win32
		{1FCE3376-6EB0-42AA-97B8-6AEA7D99DD96}.Release|x86.Build.0 = Release|Win32
		{ACD55EA6-0DF5-4104-B043-87CC7DFF99A4}.Debug|x64.ActiveCfg = Debug|x64
		{ACD55EA6-0DF5-4104-B043-87CC7DFF99A4}.Debug|x64.Build.0 = Debug|x64
		{ACD55EA6-0DF5-4104-B043-87CC7DFF99A4}.Debug|x86.ActiveCfg = Debug|Win32
		{ACD55EA6-0DF5-4104-B043-87CC7DFF99A4}.Debug|x86.Build.0 = Debug|Win32
		{ACD55EA6-0DF5-4104-B043-87CC7DFF99A4}.Release|x64.ActiveCfg = Release|x64
		{ACD55EA6-0DF5-4104-B043-87CC7DFF99A4}.Release|x64.Build.0 = Release|x64
		{ACD55EA6-0DF5-4104-B043-87CC7DFF99A4}.Release|x86.ActiveCfg = Release|Win32
		{ACD55EA6-0DF5-4104-B043-87CC7DFF99A4}.Release|x86.Build.0 = Release|Win32
		{7ED3C812-351F-4DCD-A8D3-E633B9D5F1CC}.Debug|x64.ActiveCfg = Debug|x64
		{7ED3C812-351F-4DCD-A8D3-E633B9D5F1CC}.Debug|x64.Build.0 = Debug|x64
		{7ED3C812-351F-4DCD-A8D3-E633B9D5F1CC}.Debug|x86.ActiveCfg = Debug|Win32
		{7ED3C812-351F-4DCD-A8D3-E633B9D5F1CC}.Debug|x86.Build.0 = Debug|Win32
		{7ED3C812-351F-4DCD-A8D3-E633B9D5F1CC}.Release|x64.ActiveCfg = Release|x64
		{7ED3C812-351F-4DCD-A8D3-E633B9D5F1CC}.Release|x64.Build.0 = Release|x64
		{7ED3C812-351F-4DCD-A8D3-E633B9D5F1CC}.Release|x86.ActiveCfg = Release|Win32
		{7ED3C812-351F-4DCD-A8D3-E633B9D5F1CC}.Release|x86.Build.0 = Release|Win32
		{A2836268-984B-4BDF-B7FE-EFD0F76C2E5D}.Debug|x64.ActiveCfg = Debug|x64
		{A2836268-984B-4BDF-B7FE-EFD0F76C2E5D}.Debug|x64.Build.0 = Debug|x64
		{A2836268-984B-4BDF-B7FE-EFD0F76C2E5D}.Debug|x86.ActiveCfg = Debug|Win32
		{A2836268-984B-4BDF-B7FE-EFD0F76C2E5D}.Debug|x86.Build.0 = Debug|Win32
		{A2836268-984B-4BDF-B7FE-EFD0F76C2E5D}.Release|x64.ActiveCfg = Release|x64
		{A2836268-984B-4BDF-B7FE-EFD0F76C2E5D}.Release|x64.Build.0 = Release|x64
		{A2836268-984B-4BDF-B7FE-EFD0F76C2E5D}.Release|x86.ActiveCfg = Release|Win32
		{A2836268-984B-4BDF-B7FE-EFD0F76C2E5D}.Release|x86.Build.0 = Release|Win32
	EndGlobalSection
	GlobalSection(SolutionProperties) = preSolution
		HideSolutionNode = FALSE
	EndGlobalSection
EndGlobal
