
Microsoft Visual Studio Solution File, Format Version 12.00
# Visual Studio 14
VisualStudioVersion = 14.0.25123.0
MinimumVisualStudioVersion = 10.0.40219.1
Project("{8BC9CEB8-8B4A-11D0-8D11-00A0C91BC942}") = "Pointers01", "Pointers01\Pointers01.vcxproj", "{5ADEAFBC-1CDF-44D2-BCA4-79328D38B391}"
EndProject
Project("{8BC9CEB8-8B4A-11D0-8D11-00A0C91BC942}") = "Pointers02", "Pointers02\Pointers02.vcxproj", "{AD7B9B26-DB37-4FBB-913F-BBF61D4985F6}"
EndProject
Project("{8BC9CEB8-8B4A-11D0-8D11-00A0C91BC942}") = "Pointers03", "Pointers03\Pointers03.vcxproj", "{D7AC9722-562F-48FE-B1B7-807392EE35C5}"
EndProject
Project("{8BC9CEB8-8B4A-11D0-8D11-00A0C91BC942}") = "Pointers04", "Pointers04\Pointers04.vcxproj", "{1CC89DE9-D8E6-451C-9CAA-786FD09C50D7}"
EndProject
Project("{8BC9CEB8-8B4A-11D0-8D11-00A0C91BC942}") = "Pointers05", "Pointers05\Pointers05.vcxproj", "{DACCB9C6-D812-40D2-B185-4E6888A57DAC}"
EndProject
Project("{8BC9CEB8-8B4A-11D0-8D11-00A0C91BC942}") = "Pointers06", "Pointers06\Pointers06.vcxproj", "{FF605B12-B789-47B7-A23B-D64B03ED1E76}"
EndProject
Project("{8BC9CEB8-8B4A-11D0-8D11-00A0C91BC942}") = "Pointers07", "Pointers07\Pointers07.vcxproj", "{203ABEA2-3223-4061-BC82-90BD78FC8233}"
EndProject
Project("{8BC9CEB8-8B4A-11D0-8D11-00A0C91BC942}") = "Pointers08", "Pointers08\Pointers08.vcxproj", "{B9C2EB9A-0BE6-4A0F-A675-9B16E891BFCC}"
EndProject
Project("{8BC9CEB8-8B4A-11D0-8D11-00A0C91BC942}") = "Example", "Example\Example.vcxproj", "{6098949C-3478-4494-BF2D-4BEEBCB14BC6}"
EndProject
Project("{8BC9CEB8-8B4A-11D0-8D11-00A0C91BC942}") = "Test", "Test\Test.vcxproj", "{C395BF91-95EF-4345-96A5-84150115CE6F}"
EndProject
Project("{8BC9CEB8-8B4A-11D0-8D11-00A0C91BC942}") = "HW02Task01", "HW02Task01\HW02Task01.vcxproj", "{81AA319A-ED12-4AC1-A8D2-BB1E825DF463}"
EndProject
Project("{8BC9CEB8-8B4A-11D0-8D11-00A0C91BC942}") = "HW02Task02", "HW02Task02\HW02Task02.vcxproj", "{E3EBD14C-A1D9-4E4C-9180-2C00F0B77782}"
EndProject
Project("{8BC9CEB8-8B4A-11D0-8D11-00A0C91BC942}") = "HW02Task03", "HW02Task03\HW02Task03.vcxproj", "{2D20951E-27E6-48B1-8DF7-85EC6427F0AB}"
EndProject
Project("{8BC9CEB8-8B4A-11D0-8D11-00A0C91BC942}") = "HW02Task04", "HW02Task04\HW02Task04.vcxproj", "{6C69CA84-08ED-4FE3-AEC6-FE5870B079C9}"
EndProject
Global
	GlobalSection(SolutionConfigurationPlatforms) = preSolution
		Debug|x64 = Debug|x64
		Debug|x86 = Debug|x86
		Release|x64 = Release|x64
		Release|x86 = Release|x86
	EndGlobalSection
	GlobalSection(ProjectConfigurationPlatforms) = postSolution
		{5ADEAFBC-1CDF-44D2-BCA4-79328D38B391}.Debug|x64.ActiveCfg = Debug|x64
		{5ADEAFBC-1CDF-44D2-BCA4-79328D38B391}.Debug|x64.Build.0 = Debug|x64
		{5ADEAFBC-1CDF-44D2-BCA4-79328D38B391}.Debug|x86.ActiveCfg = Debug|Win32
		{5ADEAFBC-1CDF-44D2-BCA4-79328D38B391}.Debug|x86.Build.0 = Debug|Win32
		{5ADEAFBC-1CDF-44D2-BCA4-79328D38B391}.Release|x64.ActiveCfg = Release|x64
		{5ADEAFBC-1CDF-44D2-BCA4-79328D38B391}.Release|x64.Build.0 = Release|x64
		{5ADEAFBC-1CDF-44D2-BCA4-79328D38B391}.Release|x86.ActiveCfg = Release|Win32
		{5ADEAFBC-1CDF-44D2-BCA4-79328D38B391}.Release|x86.Build.0 = Release|Win32
		{AD7B9B26-DB37-4FBB-913F-BBF61D4985F6}.Debug|x64.ActiveCfg = Debug|x64
		{AD7B9B26-DB37-4FBB-913F-BBF61D4985F6}.Debug|x64.Build.0 = Debug|x64
		{AD7B9B26-DB37-4FBB-913F-BBF61D4985F6}.Debug|x86.ActiveCfg = Debug|Win32
		{AD7B9B26-DB37-4FBB-913F-BBF61D4985F6}.Debug|x86.Build.0 = Debug|Win32
		{AD7B9B26-DB37-4FBB-913F-BBF61D4985F6}.Release|x64.ActiveCfg = Release|x64
		{AD7B9B26-DB37-4FBB-913F-BBF61D4985F6}.Release|x64.Build.0 = Release|x64
		{AD7B9B26-DB37-4FBB-913F-BBF61D4985F6}.Release|x86.ActiveCfg = Release|Win32
		{AD7B9B26-DB37-4FBB-913F-BBF61D4985F6}.Release|x86.Build.0 = Release|Win32
		{D7AC9722-562F-48FE-B1B7-807392EE35C5}.Debug|x64.ActiveCfg = Debug|x64
		{D7AC9722-562F-48FE-B1B7-807392EE35C5}.Debug|x64.Build.0 = Debug|x64
		{D7AC9722-562F-48FE-B1B7-807392EE35C5}.Debug|x86.ActiveCfg = Debug|Win32
		{D7AC9722-562F-48FE-B1B7-807392EE35C5}.Debug|x86.Build.0 = Debug|Win32
		{D7AC9722-562F-48FE-B1B7-807392EE35C5}.Release|x64.ActiveCfg = Release|x64
		{D7AC9722-562F-48FE-B1B7-807392EE35C5}.Release|x64.Build.0 = Release|x64
		{D7AC9722-562F-48FE-B1B7-807392EE35C5}.Release|x86.ActiveCfg = Release|Win32
		{D7AC9722-562F-48FE-B1B7-807392EE35C5}.Release|x86.Build.0 = Release|Win32
		{1CC89DE9-D8E6-451C-9CAA-786FD09C50D7}.Debug|x64.ActiveCfg = Debug|x64
		{1CC89DE9-D8E6-451C-9CAA-786FD09C50D7}.Debug|x64.Build.0 = Debug|x64
		{1CC89DE9-D8E6-451C-9CAA-786FD09C50D7}.Debug|x86.ActiveCfg = Debug|Win32
		{1CC89DE9-D8E6-451C-9CAA-786FD09C50D7}.Debug|x86.Build.0 = Debug|Win32
		{1CC89DE9-D8E6-451C-9CAA-786FD09C50D7}.Release|x64.ActiveCfg = Release|x64
		{1CC89DE9-D8E6-451C-9CAA-786FD09C50D7}.Release|x64.Build.0 = Release|x64
		{1CC89DE9-D8E6-451C-9CAA-786FD09C50D7}.Release|x86.ActiveCfg = Release|Win32
		{1CC89DE9-D8E6-451C-9CAA-786FD09C50D7}.Release|x86.Build.0 = Release|Win32
		{DACCB9C6-D812-40D2-B185-4E6888A57DAC}.Debug|x64.ActiveCfg = Debug|x64
		{DACCB9C6-D812-40D2-B185-4E6888A57DAC}.Debug|x64.Build.0 = Debug|x64
		{DACCB9C6-D812-40D2-B185-4E6888A57DAC}.Debug|x86.ActiveCfg = Debug|Win32
		{DACCB9C6-D812-40D2-B185-4E6888A57DAC}.Debug|x86.Build.0 = Debug|Win32
		{DACCB9C6-D812-40D2-B185-4E6888A57DAC}.Release|x64.ActiveCfg = Release|x64
		{DACCB9C6-D812-40D2-B185-4E6888A57DAC}.Release|x64.Build.0 = Release|x64
		{DACCB9C6-D812-40D2-B185-4E6888A57DAC}.Release|x86.ActiveCfg = Release|Win32
		{DACCB9C6-D812-40D2-B185-4E6888A57DAC}.Release|x86.Build.0 = Release|Win32
		{FF605B12-B789-47B7-A23B-D64B03ED1E76}.Debug|x64.ActiveCfg = Debug|x64
		{FF605B12-B789-47B7-A23B-D64B03ED1E76}.Debug|x64.Build.0 = Debug|x64
		{FF605B12-B789-47B7-A23B-D64B03ED1E76}.Debug|x86.ActiveCfg = Debug|Win32
		{FF605B12-B789-47B7-A23B-D64B03ED1E76}.Debug|x86.Build.0 = Debug|Win32
		{FF605B12-B789-47B7-A23B-D64B03ED1E76}.Release|x64.ActiveCfg = Release|x64
		{FF605B12-B789-47B7-A23B-D64B03ED1E76}.Release|x64.Build.0 = Release|x64
		{FF605B12-B789-47B7-A23B-D64B03ED1E76}.Release|x86.ActiveCfg = Release|Win32
		{FF605B12-B789-47B7-A23B-D64B03ED1E76}.Release|x86.Build.0 = Release|Win32
		{203ABEA2-3223-4061-BC82-90BD78FC8233}.Debug|x64.ActiveCfg = Debug|x64
		{203ABEA2-3223-4061-BC82-90BD78FC8233}.Debug|x64.Build.0 = Debug|x64
		{203ABEA2-3223-4061-BC82-90BD78FC8233}.Debug|x86.ActiveCfg = Debug|Win32
		{203ABEA2-3223-4061-BC82-90BD78FC8233}.Debug|x86.Build.0 = Debug|Win32
		{203ABEA2-3223-4061-BC82-90BD78FC8233}.Release|x64.ActiveCfg = Release|x64
		{203ABEA2-3223-4061-BC82-90BD78FC8233}.Release|x64.Build.0 = Release|x64
		{203ABEA2-3223-4061-BC82-90BD78FC8233}.Release|x86.ActiveCfg = Release|Win32
		{203ABEA2-3223-4061-BC82-90BD78FC8233}.Release|x86.Build.0 = Release|Win32
		{B9C2EB9A-0BE6-4A0F-A675-9B16E891BFCC}.Debug|x64.ActiveCfg = Debug|x64
		{B9C2EB9A-0BE6-4A0F-A675-9B16E891BFCC}.Debug|x64.Build.0 = Debug|x64
		{B9C2EB9A-0BE6-4A0F-A675-9B16E891BFCC}.Debug|x86.ActiveCfg = Debug|Win32
		{B9C2EB9A-0BE6-4A0F-A675-9B16E891BFCC}.Debug|x86.Build.0 = Debug|Win32
		{B9C2EB9A-0BE6-4A0F-A675-9B16E891BFCC}.Release|x64.ActiveCfg = Release|x64
		{B9C2EB9A-0BE6-4A0F-A675-9B16E891BFCC}.Release|x64.Build.0 = Release|x64
		{B9C2EB9A-0BE6-4A0F-A675-9B16E891BFCC}.Release|x86.ActiveCfg = Release|Win32
		{B9C2EB9A-0BE6-4A0F-A675-9B16E891BFCC}.Release|x86.Build.0 = Release|Win32
		{6098949C-3478-4494-BF2D-4BEEBCB14BC6}.Debug|x64.ActiveCfg = Debug|x64
		{6098949C-3478-4494-BF2D-4BEEBCB14BC6}.Debug|x64.Build.0 = Debug|x64
		{6098949C-3478-4494-BF2D-4BEEBCB14BC6}.Debug|x86.ActiveCfg = Debug|Win32
		{6098949C-3478-4494-BF2D-4BEEBCB14BC6}.Debug|x86.Build.0 = Debug|Win32
		{6098949C-3478-4494-BF2D-4BEEBCB14BC6}.Release|x64.ActiveCfg = Release|x64
		{6098949C-3478-4494-BF2D-4BEEBCB14BC6}.Release|x64.Build.0 = Release|x64
		{6098949C-3478-4494-BF2D-4BEEBCB14BC6}.Release|x86.ActiveCfg = Release|Win32
		{6098949C-3478-4494-BF2D-4BEEBCB14BC6}.Release|x86.Build.0 = Release|Win32
		{C395BF91-95EF-4345-96A5-84150115CE6F}.Debug|x64.ActiveCfg = Debug|x64
		{C395BF91-95EF-4345-96A5-84150115CE6F}.Debug|x64.Build.0 = Debug|x64
		{C395BF91-95EF-4345-96A5-84150115CE6F}.Debug|x86.ActiveCfg = Debug|Win32
		{C395BF91-95EF-4345-96A5-84150115CE6F}.Debug|x86.Build.0 = Debug|Win32
		{C395BF91-95EF-4345-96A5-84150115CE6F}.Release|x64.ActiveCfg = Release|x64
		{C395BF91-95EF-4345-96A5-84150115CE6F}.Release|x64.Build.0 = Release|x64
		{C395BF91-95EF-4345-96A5-84150115CE6F}.Release|x86.ActiveCfg = Release|Win32
		{C395BF91-95EF-4345-96A5-84150115CE6F}.Release|x86.Build.0 = Release|Win32
		{81AA319A-ED12-4AC1-A8D2-BB1E825DF463}.Debug|x64.ActiveCfg = Debug|x64
		{81AA319A-ED12-4AC1-A8D2-BB1E825DF463}.Debug|x64.Build.0 = Debug|x64
		{81AA319A-ED12-4AC1-A8D2-BB1E825DF463}.Debug|x86.ActiveCfg = Debug|Win32
		{81AA319A-ED12-4AC1-A8D2-BB1E825DF463}.Debug|x86.Build.0 = Debug|Win32
		{81AA319A-ED12-4AC1-A8D2-BB1E825DF463}.Release|x64.ActiveCfg = Release|x64
		{81AA319A-ED12-4AC1-A8D2-BB1E825DF463}.Release|x64.Build.0 = Release|x64
		{81AA319A-ED12-4AC1-A8D2-BB1E825DF463}.Release|x86.ActiveCfg = Release|Win32
		{81AA319A-ED12-4AC1-A8D2-BB1E825DF463}.Release|x86.Build.0 = Release|Win32
		{E3EBD14C-A1D9-4E4C-9180-2C00F0B77782}.Debug|x64.ActiveCfg = Debug|x64
		{E3EBD14C-A1D9-4E4C-9180-2C00F0B77782}.Debug|x64.Build.0 = Debug|x64
		{E3EBD14C-A1D9-4E4C-9180-2C00F0B77782}.Debug|x86.ActiveCfg = Debug|Win32
		{E3EBD14C-A1D9-4E4C-9180-2C00F0B77782}.Debug|x86.Build.0 = Debug|Win32
		{E3EBD14C-A1D9-4E4C-9180-2C00F0B77782}.Release|x64.ActiveCfg = Release|x64
		{E3EBD14C-A1D9-4E4C-9180-2C00F0B77782}.Release|x64.Build.0 = Release|x64
		{E3EBD14C-A1D9-4E4C-9180-2C00F0B77782}.Release|x86.ActiveCfg = Release|Win32
		{E3EBD14C-A1D9-4E4C-9180-2C00F0B77782}.Release|x86.Build.0 = Release|Win32
		{2D20951E-27E6-48B1-8DF7-85EC6427F0AB}.Debug|x64.ActiveCfg = Debug|x64
		{2D20951E-27E6-48B1-8DF7-85EC6427F0AB}.Debug|x64.Build.0 = Debug|x64
		{2D20951E-27E6-48B1-8DF7-85EC6427F0AB}.Debug|x86.ActiveCfg = Debug|Win32
		{2D20951E-27E6-48B1-8DF7-85EC6427F0AB}.Debug|x86.Build.0 = Debug|Win32
		{2D20951E-27E6-48B1-8DF7-85EC6427F0AB}.Release|x64.ActiveCfg = Release|x64
		{2D20951E-27E6-48B1-8DF7-85EC6427F0AB}.Release|x64.Build.0 = Release|x64
		{2D20951E-27E6-48B1-8DF7-85EC6427F0AB}.Release|x86.ActiveCfg = Release|Win32
		{2D20951E-27E6-48B1-8DF7-85EC6427F0AB}.Release|x86.Build.0 = Release|Win32
		{6C69CA84-08ED-4FE3-AEC6-FE5870B079C9}.Debug|x64.ActiveCfg = Debug|x64
		{6C69CA84-08ED-4FE3-AEC6-FE5870B079C9}.Debug|x64.Build.0 = Debug|x64
		{6C69CA84-08ED-4FE3-AEC6-FE5870B079C9}.Debug|x86.ActiveCfg = Debug|Win32
		{6C69CA84-08ED-4FE3-AEC6-FE5870B079C9}.Debug|x86.Build.0 = Debug|Win32
		{6C69CA84-08ED-4FE3-AEC6-FE5870B079C9}.Release|x64.ActiveCfg = Release|x64
		{6C69CA84-08ED-4FE3-AEC6-FE5870B079C9}.Release|x64.Build.0 = Release|x64
		{6C69CA84-08ED-4FE3-AEC6-FE5870B079C9}.Release|x86.ActiveCfg = Release|Win32
		{6C69CA84-08ED-4FE3-AEC6-FE5870B079C9}.Release|x86.Build.0 = Release|Win32
	EndGlobalSection
	GlobalSection(SolutionProperties) = preSolution
		HideSolutionNode = FALSE
	EndGlobalSection
EndGlobal
