
Microsoft Visual Studio Solution File, Format Version 12.00
# Visual Studio 14
VisualStudioVersion = 14.0.25123.0
MinimumVisualStudioVersion = 10.0.40219.1
Project("{8BC9CEB8-8B4A-11D0-8D11-00A0C91BC942}") = "Arrays01", "Arrays01\Arrays01.vcxproj", "{FC3D018A-4FA8-4B09-A630-31795012D487}"
EndProject
Project("{8BC9CEB8-8B4A-11D0-8D11-00A0C91BC942}") = "Arrays02", "Arrays02\Arrays02.vcxproj", "{B9FE83DC-0F7D-4090-A714-81F9ACB18B83}"
EndProject
Project("{8BC9CEB8-8B4A-11D0-8D11-00A0C91BC942}") = "Arrays03", "Arrays03\Arrays03.vcxproj", "{545D03D1-1AB3-427C-BA4C-98B7CD914E7B}"
EndProject
Project("{8BC9CEB8-8B4A-11D0-8D11-00A0C91BC942}") = "Arrays04", "Arrays04\Arrays04.vcxproj", "{DB438742-7491-4919-A317-683D0917E03E}"
EndProject
Project("{8BC9CEB8-8B4A-11D0-8D11-00A0C91BC942}") = "Arrays05", "Arrays05\Arrays05.vcxproj", "{4E034223-46CA-4C3F-B8EC-56598F7AE669}"
EndProject
Project("{8BC9CEB8-8B4A-11D0-8D11-00A0C91BC942}") = "Arrays06", "Arrays06\Arrays06.vcxproj", "{682E3C87-4F04-4BBD-979B-D47F16577550}"
EndProject
Project("{8BC9CEB8-8B4A-11D0-8D11-00A0C91BC942}") = "Arrays07", "Arrays07\Arrays07.vcxproj", "{C4C65636-CEDD-43CA-A473-E3A7A94A8324}"
EndProject
Project("{8BC9CEB8-8B4A-11D0-8D11-00A0C91BC942}") = "Arrays08", "Arrays08\Arrays08.vcxproj", "{EB417DD2-4CB5-45BA-A6D9-461A4455BDF8}"
EndProject
Project("{8BC9CEB8-8B4A-11D0-8D11-00A0C91BC942}") = "Arrays09", "Arrays09\Arrays09.vcxproj", "{DAEB4C66-14AE-4FE3-8A87-FB1A8B19D6F7}"
EndProject
Project("{8BC9CEB8-8B4A-11D0-8D11-00A0C91BC942}") = "Arrays10", "Arrays10\Arrays10.vcxproj", "{DF4CF479-DBB7-49D0-8103-F241201634F2}"
EndProject
Project("{8BC9CEB8-8B4A-11D0-8D11-00A0C91BC942}") = "ReverseArray", "ReverseArray\ReverseArray.vcxproj", "{7BB40B2B-3F2E-449E-AC7E-C7E921596B37}"
EndProject
Project("{8BC9CEB8-8B4A-11D0-8D11-00A0C91BC942}") = "Matrix01", "Matrix01\Matrix01.vcxproj", "{C6DC82F3-CD48-460B-BB69-A207734CA205}"
EndProject
Project("{8BC9CEB8-8B4A-11D0-8D11-00A0C91BC942}") = "Matrix02", "Matrix02\Matrix02.vcxproj", "{1653D413-C500-442E-B5E8-73084E3B7605}"
EndProject
Project("{8BC9CEB8-8B4A-11D0-8D11-00A0C91BC942}") = "Matrix03", "Matrix03\Matrix03.vcxproj", "{43DE8570-7B99-4D75-B85D-DA3BB0A9E851}"
EndProject
Project("{8BC9CEB8-8B4A-11D0-8D11-00A0C91BC942}") = "Matrix04", "Matrix04\Matrix04.vcxproj", "{30476271-6239-4CB9-AC88-500AE37FF178}"
EndProject
Project("{8BC9CEB8-8B4A-11D0-8D11-00A0C91BC942}") = "Matrix05", "Matrix05\Matrix05.vcxproj", "{1C281D14-523A-4E3C-ACB4-B3F3BF5270D0}"
EndProject
Project("{8BC9CEB8-8B4A-11D0-8D11-00A0C91BC942}") = "Matrix06", "Matrix06\Matrix06.vcxproj", "{116B8F0A-4A63-49BA-A113-40D011890774}"
EndProject
Project("{8BC9CEB8-8B4A-11D0-8D11-00A0C91BC942}") = "Matrix072", "Matrix072\Matrix072.vcxproj", "{E4C3BC07-E25A-4CE4-9D55-8AC4237DDA6D}"
EndProject
Project("{8BC9CEB8-8B4A-11D0-8D11-00A0C91BC942}") = "Matrix08", "Matrix08\Matrix08.vcxproj", "{7494D961-B2B4-48CE-9491-C6D448AC0A1F}"
EndProject
Project("{8BC9CEB8-8B4A-11D0-8D11-00A0C91BC942}") = "Matrix099", "Matrix099\Matrix099.vcxproj", "{0952F501-137B-4D1A-85D7-5BA57090ED05}"
EndProject
Project("{8BC9CEB8-8B4A-11D0-8D11-00A0C91BC942}") = "Spirala", "Spirala\Spirala.vcxproj", "{C28054A7-2E3E-402B-8234-D28272F7837A}"
EndProject
Project("{8BC9CEB8-8B4A-11D0-8D11-00A0C91BC942}") = "ArraysSU01", "ArraysSU01\ArraysSU01.vcxproj", "{666658AD-4AE0-4535-B788-05A51E10FD41}"
EndProject
Project("{8BC9CEB8-8B4A-11D0-8D11-00A0C91BC942}") = "ArrayExamples", "ArrayExamples\ArrayExamples.vcxproj", "{6F719428-206B-4C65-8E72-AB823B03C913}"
EndProject
Project("{8BC9CEB8-8B4A-11D0-8D11-00A0C91BC942}") = "ArraysSU02", "ArraysSU02\ArraysSU02.vcxproj", "{2C46DA18-B8B0-4FFC-9915-949A8193926A}"
EndProject
Project("{8BC9CEB8-8B4A-11D0-8D11-00A0C91BC942}") = "IzmisliSiZadachaVol1", "IzmisliSiZadachaVol1\IzmisliSiZadachaVol1.vcxproj", "{AE1C2C7E-ED1F-4F16-AC8F-5B07E09233D3}"
EndProject
Project("{8BC9CEB8-8B4A-11D0-8D11-00A0C91BC942}") = "HW02Task01", "HW02Task01\HW02Task01.vcxproj", "{25A853C0-D4A8-4900-951D-C1FCED902F5F}"
EndProject
Project("{8BC9CEB8-8B4A-11D0-8D11-00A0C91BC942}") = "HW02Task02", "HW02Task02\HW02Task02.vcxproj", "{5C7A2446-6D84-4A92-994F-247E87824B81}"
EndProject
Project("{8BC9CEB8-8B4A-11D0-8D11-00A0C91BC942}") = "HW02Task03", "HW02Task03\HW02Task03.vcxproj", "{F242745B-C141-485E-84D7-3083C42D3C9C}"
EndProject
Project("{8BC9CEB8-8B4A-11D0-8D11-00A0C91BC942}") = "Test", "Test\Test.vcxproj", "{688A2D92-6387-42AD-A15E-9D4CF55F9CBC}"
EndProject
Global
	GlobalSection(SolutionConfigurationPlatforms) = preSolution
		Debug|x64 = Debug|x64
		Debug|x86 = Debug|x86
		Release|x64 = Release|x64
		Release|x86 = Release|x86
	EndGlobalSection
	GlobalSection(ProjectConfigurationPlatforms) = postSolution
		{FC3D018A-4FA8-4B09-A630-31795012D487}.Debug|x64.ActiveCfg = Debug|x64
		{FC3D018A-4FA8-4B09-A630-31795012D487}.Debug|x64.Build.0 = Debug|x64
		{FC3D018A-4FA8-4B09-A630-31795012D487}.Debug|x86.ActiveCfg = Debug|Win32
		{FC3D018A-4FA8-4B09-A630-31795012D487}.Debug|x86.Build.0 = Debug|Win32
		{FC3D018A-4FA8-4B09-A630-31795012D487}.Release|x64.ActiveCfg = Release|x64
		{FC3D018A-4FA8-4B09-A630-31795012D487}.Release|x64.Build.0 = Release|x64
		{FC3D018A-4FA8-4B09-A630-31795012D487}.Release|x86.ActiveCfg = Release|Win32
		{FC3D018A-4FA8-4B09-A630-31795012D487}.Release|x86.Build.0 = Release|Win32
		{B9FE83DC-0F7D-4090-A714-81F9ACB18B83}.Debug|x64.ActiveCfg = Debug|x64
		{B9FE83DC-0F7D-4090-A714-81F9ACB18B83}.Debug|x64.Build.0 = Debug|x64
		{B9FE83DC-0F7D-4090-A714-81F9ACB18B83}.Debug|x86.ActiveCfg = Debug|Win32
		{B9FE83DC-0F7D-4090-A714-81F9ACB18B83}.Debug|x86.Build.0 = Debug|Win32
		{B9FE83DC-0F7D-4090-A714-81F9ACB18B83}.Release|x64.ActiveCfg = Release|x64
		{B9FE83DC-0F7D-4090-A714-81F9ACB18B83}.Release|x64.Build.0 = Release|x64
		{B9FE83DC-0F7D-4090-A714-81F9ACB18B83}.Release|x86.ActiveCfg = Release|Win32
		{B9FE83DC-0F7D-4090-A714-81F9ACB18B83}.Release|x86.Build.0 = Release|Win32
		{545D03D1-1AB3-427C-BA4C-98B7CD914E7B}.Debug|x64.ActiveCfg = Debug|x64
		{545D03D1-1AB3-427C-BA4C-98B7CD914E7B}.Debug|x64.Build.0 = Debug|x64
		{545D03D1-1AB3-427C-BA4C-98B7CD914E7B}.Debug|x86.ActiveCfg = Debug|Win32
		{545D03D1-1AB3-427C-BA4C-98B7CD914E7B}.Debug|x86.Build.0 = Debug|Win32
		{545D03D1-1AB3-427C-BA4C-98B7CD914E7B}.Release|x64.ActiveCfg = Release|x64
		{545D03D1-1AB3-427C-BA4C-98B7CD914E7B}.Release|x64.Build.0 = Release|x64
		{545D03D1-1AB3-427C-BA4C-98B7CD914E7B}.Release|x86.ActiveCfg = Release|Win32
		{545D03D1-1AB3-427C-BA4C-98B7CD914E7B}.Release|x86.Build.0 = Release|Win32
		{DB438742-7491-4919-A317-683D0917E03E}.Debug|x64.ActiveCfg = Debug|x64
		{DB438742-7491-4919-A317-683D0917E03E}.Debug|x64.Build.0 = Debug|x64
		{DB438742-7491-4919-A317-683D0917E03E}.Debug|x86.ActiveCfg = Debug|Win32
		{DB438742-7491-4919-A317-683D0917E03E}.Debug|x86.Build.0 = Debug|Win32
		{DB438742-7491-4919-A317-683D0917E03E}.Release|x64.ActiveCfg = Release|x64
		{DB438742-7491-4919-A317-683D0917E03E}.Release|x64.Build.0 = Release|x64
		{DB438742-7491-4919-A317-683D0917E03E}.Release|x86.ActiveCfg = Release|Win32
		{DB438742-7491-4919-A317-683D0917E03E}.Release|x86.Build.0 = Release|Win32
		{4E034223-46CA-4C3F-B8EC-56598F7AE669}.Debug|x64.ActiveCfg = Debug|x64
		{4E034223-46CA-4C3F-B8EC-56598F7AE669}.Debug|x64.Build.0 = Debug|x64
		{4E034223-46CA-4C3F-B8EC-56598F7AE669}.Debug|x86.ActiveCfg = Debug|Win32
		{4E034223-46CA-4C3F-B8EC-56598F7AE669}.Debug|x86.Build.0 = Debug|Win32
		{4E034223-46CA-4C3F-B8EC-56598F7AE669}.Release|x64.ActiveCfg = Release|x64
		{4E034223-46CA-4C3F-B8EC-56598F7AE669}.Release|x64.Build.0 = Release|x64
		{4E034223-46CA-4C3F-B8EC-56598F7AE669}.Release|x86.ActiveCfg = Release|Win32
		{4E034223-46CA-4C3F-B8EC-56598F7AE669}.Release|x86.Build.0 = Release|Win32
		{682E3C87-4F04-4BBD-979B-D47F16577550}.Debug|x64.ActiveCfg = Debug|x64
		{682E3C87-4F04-4BBD-979B-D47F16577550}.Debug|x64.Build.0 = Debug|x64
		{682E3C87-4F04-4BBD-979B-D47F16577550}.Debug|x86.ActiveCfg = Debug|Win32
		{682E3C87-4F04-4BBD-979B-D47F16577550}.Debug|x86.Build.0 = Debug|Win32
		{682E3C87-4F04-4BBD-979B-D47F16577550}.Release|x64.ActiveCfg = Release|x64
		{682E3C87-4F04-4BBD-979B-D47F16577550}.Release|x64.Build.0 = Release|x64
		{682E3C87-4F04-4BBD-979B-D47F16577550}.Release|x86.ActiveCfg = Release|Win32
		{682E3C87-4F04-4BBD-979B-D47F16577550}.Release|x86.Build.0 = Release|Win32
		{C4C65636-CEDD-43CA-A473-E3A7A94A8324}.Debug|x64.ActiveCfg = Debug|x64
		{C4C65636-CEDD-43CA-A473-E3A7A94A8324}.Debug|x64.Build.0 = Debug|x64
		{C4C65636-CEDD-43CA-A473-E3A7A94A8324}.Debug|x86.ActiveCfg = Debug|Win32
		{C4C65636-CEDD-43CA-A473-E3A7A94A8324}.Debug|x86.Build.0 = Debug|Win32
		{C4C65636-CEDD-43CA-A473-E3A7A94A8324}.Release|x64.ActiveCfg = Release|x64
		{C4C65636-CEDD-43CA-A473-E3A7A94A8324}.Release|x64.Build.0 = Release|x64
		{C4C65636-CEDD-43CA-A473-E3A7A94A8324}.Release|x86.ActiveCfg = Release|Win32
		{C4C65636-CEDD-43CA-A473-E3A7A94A8324}.Release|x86.Build.0 = Release|Win32
		{EB417DD2-4CB5-45BA-A6D9-461A4455BDF8}.Debug|x64.ActiveCfg = Debug|x64
		{EB417DD2-4CB5-45BA-A6D9-461A4455BDF8}.Debug|x64.Build.0 = Debug|x64
		{EB417DD2-4CB5-45BA-A6D9-461A4455BDF8}.Debug|x86.ActiveCfg = Debug|Win32
		{EB417DD2-4CB5-45BA-A6D9-461A4455BDF8}.Debug|x86.Build.0 = Debug|Win32
		{EB417DD2-4CB5-45BA-A6D9-461A4455BDF8}.Release|x64.ActiveCfg = Release|x64
		{EB417DD2-4CB5-45BA-A6D9-461A4455BDF8}.Release|x64.Build.0 = Release|x64
		{EB417DD2-4CB5-45BA-A6D9-461A4455BDF8}.Release|x86.ActiveCfg = Release|Win32
		{EB417DD2-4CB5-45BA-A6D9-461A4455BDF8}.Release|x86.Build.0 = Release|Win32
		{DAEB4C66-14AE-4FE3-8A87-FB1A8B19D6F7}.Debug|x64.ActiveCfg = Debug|x64
		{DAEB4C66-14AE-4FE3-8A87-FB1A8B19D6F7}.Debug|x64.Build.0 = Debug|x64
		{DAEB4C66-14AE-4FE3-8A87-FB1A8B19D6F7}.Debug|x86.ActiveCfg = Debug|Win32
		{DAEB4C66-14AE-4FE3-8A87-FB1A8B19D6F7}.Debug|x86.Build.0 = Debug|Win32
		{DAEB4C66-14AE-4FE3-8A87-FB1A8B19D6F7}.Release|x64.ActiveCfg = Release|x64
		{DAEB4C66-14AE-4FE3-8A87-FB1A8B19D6F7}.Release|x64.Build.0 = Release|x64
		{DAEB4C66-14AE-4FE3-8A87-FB1A8B19D6F7}.Release|x86.ActiveCfg = Release|Win32
		{DAEB4C66-14AE-4FE3-8A87-FB1A8B19D6F7}.Release|x86.Build.0 = Release|Win32
		{DF4CF479-DBB7-49D0-8103-F241201634F2}.Debug|x64.ActiveCfg = Debug|x64
		{DF4CF479-DBB7-49D0-8103-F241201634F2}.Debug|x64.Build.0 = Debug|x64
		{DF4CF479-DBB7-49D0-8103-F241201634F2}.Debug|x86.ActiveCfg = Debug|Win32
		{DF4CF479-DBB7-49D0-8103-F241201634F2}.Debug|x86.Build.0 = Debug|Win32
		{DF4CF479-DBB7-49D0-8103-F241201634F2}.Release|x64.ActiveCfg = Release|x64
		{DF4CF479-DBB7-49D0-8103-F241201634F2}.Release|x64.Build.0 = Release|x64
		{DF4CF479-DBB7-49D0-8103-F241201634F2}.Release|x86.ActiveCfg = Release|Win32
		{DF4CF479-DBB7-49D0-8103-F241201634F2}.Release|x86.Build.0 = Release|Win32
		{7BB40B2B-3F2E-449E-AC7E-C7E921596B37}.Debug|x64.ActiveCfg = Debug|x64
		{7BB40B2B-3F2E-449E-AC7E-C7E921596B37}.Debug|x64.Build.0 = Debug|x64
		{7BB40B2B-3F2E-449E-AC7E-C7E921596B37}.Debug|x86.ActiveCfg = Debug|Win32
		{7BB40B2B-3F2E-449E-AC7E-C7E921596B37}.Debug|x86.Build.0 = Debug|Win32
		{7BB40B2B-3F2E-449E-AC7E-C7E921596B37}.Release|x64.ActiveCfg = Release|x64
		{7BB40B2B-3F2E-449E-AC7E-C7E921596B37}.Release|x64.Build.0 = Release|x64
		{7BB40B2B-3F2E-449E-AC7E-C7E921596B37}.Release|x86.ActiveCfg = Release|Win32
		{7BB40B2B-3F2E-449E-AC7E-C7E921596B37}.Release|x86.Build.0 = Release|Win32
		{C6DC82F3-CD48-460B-BB69-A207734CA205}.Debug|x64.ActiveCfg = Debug|x64
		{C6DC82F3-CD48-460B-BB69-A207734CA205}.Debug|x64.Build.0 = Debug|x64
		{C6DC82F3-CD48-460B-BB69-A207734CA205}.Debug|x86.ActiveCfg = Debug|Win32
		{C6DC82F3-CD48-460B-BB69-A207734CA205}.Debug|x86.Build.0 = Debug|Win32
		{C6DC82F3-CD48-460B-BB69-A207734CA205}.Release|x64.ActiveCfg = Release|x64
		{C6DC82F3-CD48-460B-BB69-A207734CA205}.Release|x64.Build.0 = Release|x64
		{C6DC82F3-CD48-460B-BB69-A207734CA205}.Release|x86.ActiveCfg = Release|Win32
		{C6DC82F3-CD48-460B-BB69-A207734CA205}.Release|x86.Build.0 = Release|Win32
		{1653D413-C500-442E-B5E8-73084E3B7605}.Debug|x64.ActiveCfg = Debug|x64
		{1653D413-C500-442E-B5E8-73084E3B7605}.Debug|x64.Build.0 = Debug|x64
		{1653D413-C500-442E-B5E8-73084E3B7605}.Debug|x86.ActiveCfg = Debug|Win32
		{1653D413-C500-442E-B5E8-73084E3B7605}.Debug|x86.Build.0 = Debug|Win32
		{1653D413-C500-442E-B5E8-73084E3B7605}.Release|x64.ActiveCfg = Release|x64
		{1653D413-C500-442E-B5E8-73084E3B7605}.Release|x64.Build.0 = Release|x64
		{1653D413-C500-442E-B5E8-73084E3B7605}.Release|x86.ActiveCfg = Release|Win32
		{1653D413-C500-442E-B5E8-73084E3B7605}.Release|x86.Build.0 = Release|Win32
		{43DE8570-7B99-4D75-B85D-DA3BB0A9E851}.Debug|x64.ActiveCfg = Debug|x64
		{43DE8570-7B99-4D75-B85D-DA3BB0A9E851}.Debug|x64.Build.0 = Debug|x64
		{43DE8570-7B99-4D75-B85D-DA3BB0A9E851}.Debug|x86.ActiveCfg = Debug|Win32
		{43DE8570-7B99-4D75-B85D-DA3BB0A9E851}.Debug|x86.Build.0 = Debug|Win32
		{43DE8570-7B99-4D75-B85D-DA3BB0A9E851}.Release|x64.ActiveCfg = Release|x64
		{43DE8570-7B99-4D75-B85D-DA3BB0A9E851}.Release|x64.Build.0 = Release|x64
		{43DE8570-7B99-4D75-B85D-DA3BB0A9E851}.Release|x86.ActiveCfg = Release|Win32
		{43DE8570-7B99-4D75-B85D-DA3BB0A9E851}.Release|x86.Build.0 = Release|Win32
		{30476271-6239-4CB9-AC88-500AE37FF178}.Debug|x64.ActiveCfg = Debug|x64
		{30476271-6239-4CB9-AC88-500AE37FF178}.Debug|x64.Build.0 = Debug|x64
		{30476271-6239-4CB9-AC88-500AE37FF178}.Debug|x86.ActiveCfg = Debug|Win32
		{30476271-6239-4CB9-AC88-500AE37FF178}.Debug|x86.Build.0 = Debug|Win32
		{30476271-6239-4CB9-AC88-500AE37FF178}.Release|x64.ActiveCfg = Release|x64
		{30476271-6239-4CB9-AC88-500AE37FF178}.Release|x64.Build.0 = Release|x64
		{30476271-6239-4CB9-AC88-500AE37FF178}.Release|x86.ActiveCfg = Release|Win32
		{30476271-6239-4CB9-AC88-500AE37FF178}.Release|x86.Build.0 = Release|Win32
		{1C281D14-523A-4E3C-ACB4-B3F3BF5270D0}.Debug|x64.ActiveCfg = Debug|x64
		{1C281D14-523A-4E3C-ACB4-B3F3BF5270D0}.Debug|x64.Build.0 = Debug|x64
		{1C281D14-523A-4E3C-ACB4-B3F3BF5270D0}.Debug|x86.ActiveCfg = Debug|Win32
		{1C281D14-523A-4E3C-ACB4-B3F3BF5270D0}.Debug|x86.Build.0 = Debug|Win32
		{1C281D14-523A-4E3C-ACB4-B3F3BF5270D0}.Release|x64.ActiveCfg = Release|x64
		{1C281D14-523A-4E3C-ACB4-B3F3BF5270D0}.Release|x64.Build.0 = Release|x64
		{1C281D14-523A-4E3C-ACB4-B3F3BF5270D0}.Release|x86.ActiveCfg = Release|Win32
		{1C281D14-523A-4E3C-ACB4-B3F3BF5270D0}.Release|x86.Build.0 = Release|Win32
		{116B8F0A-4A63-49BA-A113-40D011890774}.Debug|x64.ActiveCfg = Debug|x64
		{116B8F0A-4A63-49BA-A113-40D011890774}.Debug|x64.Build.0 = Debug|x64
		{116B8F0A-4A63-49BA-A113-40D011890774}.Debug|x86.ActiveCfg = Debug|Win32
		{116B8F0A-4A63-49BA-A113-40D011890774}.Debug|x86.Build.0 = Debug|Win32
		{116B8F0A-4A63-49BA-A113-40D011890774}.Release|x64.ActiveCfg = Release|x64
		{116B8F0A-4A63-49BA-A113-40D011890774}.Release|x64.Build.0 = Release|x64
		{116B8F0A-4A63-49BA-A113-40D011890774}.Release|x86.ActiveCfg = Release|Win32
		{116B8F0A-4A63-49BA-A113-40D011890774}.Release|x86.Build.0 = Release|Win32
		{E4C3BC07-E25A-4CE4-9D55-8AC4237DDA6D}.Debug|x64.ActiveCfg = Debug|x64
		{E4C3BC07-E25A-4CE4-9D55-8AC4237DDA6D}.Debug|x64.Build.0 = Debug|x64
		{E4C3BC07-E25A-4CE4-9D55-8AC4237DDA6D}.Debug|x86.ActiveCfg = Debug|Win32
		{E4C3BC07-E25A-4CE4-9D55-8AC4237DDA6D}.Debug|x86.Build.0 = Debug|Win32
		{E4C3BC07-E25A-4CE4-9D55-8AC4237DDA6D}.Release|x64.ActiveCfg = Release|x64
		{E4C3BC07-E25A-4CE4-9D55-8AC4237DDA6D}.Release|x64.Build.0 = Release|x64
		{E4C3BC07-E25A-4CE4-9D55-8AC4237DDA6D}.Release|x86.ActiveCfg = Release|Win32
		{E4C3BC07-E25A-4CE4-9D55-8AC4237DDA6D}.Release|x86.Build.0 = Release|Win32
		{7494D961-B2B4-48CE-9491-C6D448AC0A1F}.Debug|x64.ActiveCfg = Debug|x64
		{7494D961-B2B4-48CE-9491-C6D448AC0A1F}.Debug|x64.Build.0 = Debug|x64
		{7494D961-B2B4-48CE-9491-C6D448AC0A1F}.Debug|x86.ActiveCfg = Debug|Win32
		{7494D961-B2B4-48CE-9491-C6D448AC0A1F}.Debug|x86.Build.0 = Debug|Win32
		{7494D961-B2B4-48CE-9491-C6D448AC0A1F}.Release|x64.ActiveCfg = Release|x64
		{7494D961-B2B4-48CE-9491-C6D448AC0A1F}.Release|x64.Build.0 = Release|x64
		{7494D961-B2B4-48CE-9491-C6D448AC0A1F}.Release|x86.ActiveCfg = Release|Win32
		{7494D961-B2B4-48CE-9491-C6D448AC0A1F}.Release|x86.Build.0 = Release|Win32
		{0952F501-137B-4D1A-85D7-5BA57090ED05}.Debug|x64.ActiveCfg = Debug|x64
		{0952F501-137B-4D1A-85D7-5BA57090ED05}.Debug|x64.Build.0 = Debug|x64
		{0952F501-137B-4D1A-85D7-5BA57090ED05}.Debug|x86.ActiveCfg = Debug|Win32
		{0952F501-137B-4D1A-85D7-5BA57090ED05}.Debug|x86.Build.0 = Debug|Win32
		{0952F501-137B-4D1A-85D7-5BA57090ED05}.Release|x64.ActiveCfg = Release|x64
		{0952F501-137B-4D1A-85D7-5BA57090ED05}.Release|x64.Build.0 = Release|x64
		{0952F501-137B-4D1A-85D7-5BA57090ED05}.Release|x86.ActiveCfg = Release|Win32
		{0952F501-137B-4D1A-85D7-5BA57090ED05}.Release|x86.Build.0 = Release|Win32
		{C28054A7-2E3E-402B-8234-D28272F7837A}.Debug|x64.ActiveCfg = Debug|x64
		{C28054A7-2E3E-402B-8234-D28272F7837A}.Debug|x64.Build.0 = Debug|x64
		{C28054A7-2E3E-402B-8234-D28272F7837A}.Debug|x86.ActiveCfg = Debug|Win32
		{C28054A7-2E3E-402B-8234-D28272F7837A}.Debug|x86.Build.0 = Debug|Win32
		{C28054A7-2E3E-402B-8234-D28272F7837A}.Release|x64.ActiveCfg = Release|x64
		{C28054A7-2E3E-402B-8234-D28272F7837A}.Release|x64.Build.0 = Release|x64
		{C28054A7-2E3E-402B-8234-D28272F7837A}.Release|x86.ActiveCfg = Release|Win32
		{C28054A7-2E3E-402B-8234-D28272F7837A}.Release|x86.Build.0 = Release|Win32
		{666658AD-4AE0-4535-B788-05A51E10FD41}.Debug|x64.ActiveCfg = Debug|x64
		{666658AD-4AE0-4535-B788-05A51E10FD41}.Debug|x64.Build.0 = Debug|x64
		{666658AD-4AE0-4535-B788-05A51E10FD41}.Debug|x86.ActiveCfg = Debug|Win32
		{666658AD-4AE0-4535-B788-05A51E10FD41}.Debug|x86.Build.0 = Debug|Win32
		{666658AD-4AE0-4535-B788-05A51E10FD41}.Release|x64.ActiveCfg = Release|x64
		{666658AD-4AE0-4535-B788-05A51E10FD41}.Release|x64.Build.0 = Release|x64
		{666658AD-4AE0-4535-B788-05A51E10FD41}.Release|x86.ActiveCfg = Release|Win32
		{666658AD-4AE0-4535-B788-05A51E10FD41}.Release|x86.Build.0 = Release|Win32
		{6F719428-206B-4C65-8E72-AB823B03C913}.Debug|x64.ActiveCfg = Debug|x64
		{6F719428-206B-4C65-8E72-AB823B03C913}.Debug|x64.Build.0 = Debug|x64
		{6F719428-206B-4C65-8E72-AB823B03C913}.Debug|x86.ActiveCfg = Debug|Win32
		{6F719428-206B-4C65-8E72-AB823B03C913}.Debug|x86.Build.0 = Debug|Win32
		{6F719428-206B-4C65-8E72-AB823B03C913}.Release|x64.ActiveCfg = Release|x64
		{6F719428-206B-4C65-8E72-AB823B03C913}.Release|x64.Build.0 = Release|x64
		{6F719428-206B-4C65-8E72-AB823B03C913}.Release|x86.ActiveCfg = Release|Win32
		{6F719428-206B-4C65-8E72-AB823B03C913}.Release|x86.Build.0 = Release|Win32
		{2C46DA18-B8B0-4FFC-9915-949A8193926A}.Debug|x64.ActiveCfg = Debug|x64
		{2C46DA18-B8B0-4FFC-9915-949A8193926A}.Debug|x64.Build.0 = Debug|x64
		{2C46DA18-B8B0-4FFC-9915-949A8193926A}.Debug|x86.ActiveCfg = Debug|Win32
		{2C46DA18-B8B0-4FFC-9915-949A8193926A}.Debug|x86.Build.0 = Debug|Win32
		{2C46DA18-B8B0-4FFC-9915-949A8193926A}.Release|x64.ActiveCfg = Release|x64
		{2C46DA18-B8B0-4FFC-9915-949A8193926A}.Release|x64.Build.0 = Release|x64
		{2C46DA18-B8B0-4FFC-9915-949A8193926A}.Release|x86.ActiveCfg = Release|Win32
		{2C46DA18-B8B0-4FFC-9915-949A8193926A}.Release|x86.Build.0 = Release|Win32
		{AE1C2C7E-ED1F-4F16-AC8F-5B07E09233D3}.Debug|x64.ActiveCfg = Debug|x64
		{AE1C2C7E-ED1F-4F16-AC8F-5B07E09233D3}.Debug|x64.Build.0 = Debug|x64
		{AE1C2C7E-ED1F-4F16-AC8F-5B07E09233D3}.Debug|x86.ActiveCfg = Debug|Win32
		{AE1C2C7E-ED1F-4F16-AC8F-5B07E09233D3}.Debug|x86.Build.0 = Debug|Win32
		{AE1C2C7E-ED1F-4F16-AC8F-5B07E09233D3}.Release|x64.ActiveCfg = Release|x64
		{AE1C2C7E-ED1F-4F16-AC8F-5B07E09233D3}.Release|x64.Build.0 = Release|x64
		{AE1C2C7E-ED1F-4F16-AC8F-5B07E09233D3}.Release|x86.ActiveCfg = Release|Win32
		{AE1C2C7E-ED1F-4F16-AC8F-5B07E09233D3}.Release|x86.Build.0 = Release|Win32
		{25A853C0-D4A8-4900-951D-C1FCED902F5F}.Debug|x64.ActiveCfg = Debug|x64
		{25A853C0-D4A8-4900-951D-C1FCED902F5F}.Debug|x64.Build.0 = Debug|x64
		{25A853C0-D4A8-4900-951D-C1FCED902F5F}.Debug|x86.ActiveCfg = Debug|Win32
		{25A853C0-D4A8-4900-951D-C1FCED902F5F}.Debug|x86.Build.0 = Debug|Win32
		{25A853C0-D4A8-4900-951D-C1FCED902F5F}.Release|x64.ActiveCfg = Release|x64
		{25A853C0-D4A8-4900-951D-C1FCED902F5F}.Release|x64.Build.0 = Release|x64
		{25A853C0-D4A8-4900-951D-C1FCED902F5F}.Release|x86.ActiveCfg = Release|Win32
		{25A853C0-D4A8-4900-951D-C1FCED902F5F}.Release|x86.Build.0 = Release|Win32
		{5C7A2446-6D84-4A92-994F-247E87824B81}.Debug|x64.ActiveCfg = Debug|x64
		{5C7A2446-6D84-4A92-994F-247E87824B81}.Debug|x64.Build.0 = Debug|x64
		{5C7A2446-6D84-4A92-994F-247E87824B81}.Debug|x86.ActiveCfg = Debug|Win32
		{5C7A2446-6D84-4A92-994F-247E87824B81}.Debug|x86.Build.0 = Debug|Win32
		{5C7A2446-6D84-4A92-994F-247E87824B81}.Release|x64.ActiveCfg = Release|x64
		{5C7A2446-6D84-4A92-994F-247E87824B81}.Release|x64.Build.0 = Release|x64
		{5C7A2446-6D84-4A92-994F-247E87824B81}.Release|x86.ActiveCfg = Release|Win32
		{5C7A2446-6D84-4A92-994F-247E87824B81}.Release|x86.Build.0 = Release|Win32
		{F242745B-C141-485E-84D7-3083C42D3C9C}.Debug|x64.ActiveCfg = Debug|x64
		{F242745B-C141-485E-84D7-3083C42D3C9C}.Debug|x64.Build.0 = Debug|x64
		{F242745B-C141-485E-84D7-3083C42D3C9C}.Debug|x86.ActiveCfg = Debug|Win32
		{F242745B-C141-485E-84D7-3083C42D3C9C}.Debug|x86.Build.0 = Debug|Win32
		{F242745B-C141-485E-84D7-3083C42D3C9C}.Release|x64.ActiveCfg = Release|x64
		{F242745B-C141-485E-84D7-3083C42D3C9C}.Release|x64.Build.0 = Release|x64
		{F242745B-C141-485E-84D7-3083C42D3C9C}.Release|x86.ActiveCfg = Release|Win32
		{F242745B-C141-485E-84D7-3083C42D3C9C}.Release|x86.Build.0 = Release|Win32
		{688A2D92-6387-42AD-A15E-9D4CF55F9CBC}.Debug|x64.ActiveCfg = Debug|x64
		{688A2D92-6387-42AD-A15E-9D4CF55F9CBC}.Debug|x64.Build.0 = Debug|x64
		{688A2D92-6387-42AD-A15E-9D4CF55F9CBC}.Debug|x86.ActiveCfg = Debug|Win32
		{688A2D92-6387-42AD-A15E-9D4CF55F9CBC}.Debug|x86.Build.0 = Debug|Win32
		{688A2D92-6387-42AD-A15E-9D4CF55F9CBC}.Release|x64.ActiveCfg = Release|x64
		{688A2D92-6387-42AD-A15E-9D4CF55F9CBC}.Release|x64.Build.0 = Release|x64
		{688A2D92-6387-42AD-A15E-9D4CF55F9CBC}.Release|x86.ActiveCfg = Release|Win32
		{688A2D92-6387-42AD-A15E-9D4CF55F9CBC}.Release|x86.Build.0 = Release|Win32
	EndGlobalSection
	GlobalSection(SolutionProperties) = preSolution
		HideSolutionNode = FALSE
	EndGlobalSection
EndGlobal
